// !$*UTF8*$!
{
	archiveVersion = 1;
	classes = {
	};
	objectVersion = 56;
	objects = {

/* Begin PBXBuildFile section */
		A107EB9C2B83AEDE004EB265 /* ParksApp.swift in Sources */ = {isa = PBXBuildFile; fileRef = A107EB9B2B83AEDE004EB265 /* ParksApp.swift */; };
		A107EB9E2B83B1F3004EB265 /* ParkDetail.swift in Sources */ = {isa = PBXBuildFile; fileRef = A107EB9D2B83B1F3004EB265 /* ParkDetail.swift */; };
		A14070BC2940F34D0043A6B8 /* AppConstants.swift in Sources */ = {isa = PBXBuildFile; fileRef = A14070BB2940F34D0043A6B8 /* AppConstants.swift */; };
		A15A18872B876210004FA242 /* ParkList.swift in Sources */ = {isa = PBXBuildFile; fileRef = A15A18862B876210004FA242 /* ParkList.swift */; };
		A15A18892B876377004FA242 /* FavoriteButton.swift in Sources */ = {isa = PBXBuildFile; fileRef = A15A18882B876377004FA242 /* FavoriteButton.swift */; };
		A15A188B2B879AE6004FA242 /* ParkRow.swift in Sources */ = {isa = PBXBuildFile; fileRef = A15A188A2B879AE6004FA242 /* ParkRow.swift */; };
		A172ECCE293652F900D19DFA /* Parks.json in Resources */ = {isa = PBXBuildFile; fileRef = A172ECCD293652F900D19DFA /* Parks.json */; };
		A18B694E2931383800C34A41 /* Assets.xcassets in Resources */ = {isa = PBXBuildFile; fileRef = A18B694D2931383800C34A41 /* Assets.xcassets */; };
		A1B8E1282B860E84008C7E2B /* CircleImage.swift in Sources */ = {isa = PBXBuildFile; fileRef = A1B8E1272B860E84008C7E2B /* CircleImage.swift */; };
		A1B8E12A2B8612EA008C7E2B /* MapView.swift in Sources */ = {isa = PBXBuildFile; fileRef = A1B8E1292B8612EA008C7E2B /* MapView.swift */; };
		A1B8E12E2B864811008C7E2B /* ModelData.swift in Sources */ = {isa = PBXBuildFile; fileRef = A1B8E12D2B864811008C7E2B /* ModelData.swift */; };
		A1DA689E294CD8F1001BEE05 /* Park.swift in Sources */ = {isa = PBXBuildFile; fileRef = A1DA689D294CD8F0001BEE05 /* Park.swift */; };
/* End PBXBuildFile section */

/* Begin PBXFileReference section */
		A107EB9B2B83AEDE004EB265 /* ParksApp.swift */ = {isa = PBXFileReference; lastKnownFileType = sourcecode.swift; path = ParksApp.swift; sourceTree = "<group>"; };
		A107EB9D2B83B1F3004EB265 /* ParkDetail.swift */ = {isa = PBXFileReference; lastKnownFileType = sourcecode.swift; path = ParkDetail.swift; sourceTree = "<group>"; };
		A14070BB2940F34D0043A6B8 /* AppConstants.swift */ = {isa = PBXFileReference; lastKnownFileType = sourcecode.swift; path = AppConstants.swift; sourceTree = "<group>"; };
		A15A18862B876210004FA242 /* ParkList.swift */ = {isa = PBXFileReference; lastKnownFileType = sourcecode.swift; path = ParkList.swift; sourceTree = "<group>"; };
		A15A18882B876377004FA242 /* FavoriteButton.swift */ = {isa = PBXFileReference; lastKnownFileType = sourcecode.swift; path = FavoriteButton.swift; sourceTree = "<group>"; };
		A15A188A2B879AE6004FA242 /* ParkRow.swift */ = {isa = PBXFileReference; lastKnownFileType = sourcecode.swift; path = ParkRow.swift; sourceTree = "<group>"; };
		A172ECCD293652F900D19DFA /* Parks.json */ = {isa = PBXFileReference; lastKnownFileType = text.json; path = Parks.json; sourceTree = "<group>"; };
		A18B69412931383600C34A41 /* parks-of-uk.app */ = {isa = PBXFileReference; explicitFileType = wrapper.application; includeInIndex = 0; path = "parks-of-uk.app"; sourceTree = BUILT_PRODUCTS_DIR; };
		A18B694D2931383800C34A41 /* Assets.xcassets */ = {isa = PBXFileReference; lastKnownFileType = folder.assetcatalog; path = Assets.xcassets; sourceTree = "<group>"; };
		A18B69522931383800C34A41 /* Info.plist */ = {isa = PBXFileReference; lastKnownFileType = text.plist.xml; path = Info.plist; sourceTree = "<group>"; };
		A1B8E1272B860E84008C7E2B /* CircleImage.swift */ = {isa = PBXFileReference; lastKnownFileType = sourcecode.swift; path = CircleImage.swift; sourceTree = "<group>"; };
		A1B8E1292B8612EA008C7E2B /* MapView.swift */ = {isa = PBXFileReference; lastKnownFileType = sourcecode.swift; path = MapView.swift; sourceTree = "<group>"; };
		A1B8E12D2B864811008C7E2B /* ModelData.swift */ = {isa = PBXFileReference; lastKnownFileType = sourcecode.swift; path = ModelData.swift; sourceTree = "<group>"; };
		A1DA689D294CD8F0001BEE05 /* Park.swift */ = {isa = PBXFileReference; lastKnownFileType = sourcecode.swift; path = Park.swift; sourceTree = "<group>"; };
/* End PBXFileReference section */

/* Begin PBXFrameworksBuildPhase section */
		A18B693E2931383600C34A41 /* Frameworks */ = {
			isa = PBXFrameworksBuildPhase;
			buildActionMask = 2147483647;
			files = (
			);
			runOnlyForDeploymentPostprocessing = 0;
		};
/* End PBXFrameworksBuildPhase section */

/* Begin PBXGroup section */
		A15A18852B8761F2004FA242 /* Parks */ = {
			isa = PBXGroup;
			children = (
				A107EB9D2B83B1F3004EB265 /* ParkDetail.swift */,
				A15A18862B876210004FA242 /* ParkList.swift */,
				A15A188A2B879AE6004FA242 /* ParkRow.swift */,
			);
			path = Parks;
			sourceTree = "<group>";
		};
		A18B69382931383600C34A41 = {
			isa = PBXGroup;
			children = (
				A18B69432931383600C34A41 /* parks-of-uk */,
				A18B69422931383600C34A41 /* Products */,
			);
			sourceTree = "<group>";
		};
		A18B69422931383600C34A41 /* Products */ = {
			isa = PBXGroup;
			children = (
				A18B69412931383600C34A41 /* parks-of-uk.app */,
			);
			name = Products;
			sourceTree = "<group>";
		};
		A18B69432931383600C34A41 /* parks-of-uk */ = {
			isa = PBXGroup;
			children = (
				A107EB9B2B83AEDE004EB265 /* ParksApp.swift */,
				A15A18852B8761F2004FA242 /* Parks */,
				A1B8E12B2B86409A008C7E2B /* Helpers */,
				A1B8E12C2B8647E9008C7E2B /* Model */,
				A18B694D2931383800C34A41 /* Assets.xcassets */,
				A172ECCD293652F900D19DFA /* Parks.json */,
				A14070BB2940F34D0043A6B8 /* AppConstants.swift */,
				A18B69522931383800C34A41 /* Info.plist */,
			);
			path = "parks-of-uk";
			sourceTree = "<group>";
		};
		A1B8E12B2B86409A008C7E2B /* Helpers */ = {
			isa = PBXGroup;
			children = (
				A1B8E1272B860E84008C7E2B /* CircleImage.swift */,
				A1B8E1292B8612EA008C7E2B /* MapView.swift */,
				A15A18882B876377004FA242 /* FavoriteButton.swift */,
			);
			path = Helpers;
			sourceTree = "<group>";
		};
		A1B8E12C2B8647E9008C7E2B /* Model */ = {
			isa = PBXGroup;
			children = (
				A1DA689D294CD8F0001BEE05 /* Park.swift */,
				A1B8E12D2B864811008C7E2B /* ModelData.swift */,
			);
			path = Model;
			sourceTree = "<group>";
		};
/* End PBXGroup section */

/* Begin PBXNativeTarget section */
		A18B69402931383600C34A41 /* parks-of-uk */ = {
			isa = PBXNativeTarget;
			buildConfigurationList = A18B69552931383800C34A41 /* Build configuration list for PBXNativeTarget "parks-of-uk" */;
			buildPhases = (
				A18B693D2931383600C34A41 /* Sources */,
				A18B693E2931383600C34A41 /* Frameworks */,
				A18B693F2931383600C34A41 /* Resources */,
			);
			buildRules = (
			);
			dependencies = (
			);
			name = "parks-of-uk";
			productName = "parks-of-uk";
			productReference = A18B69412931383600C34A41 /* parks-of-uk.app */;
			productType = "com.apple.product-type.application";
		};
/* End PBXNativeTarget section */

/* Begin PBXProject section */
		A18B69392931383600C34A41 /* Project object */ = {
			isa = PBXProject;
			attributes = {
				BuildIndependentTargetsInParallel = 1;
				LastSwiftUpdateCheck = 1410;
				LastUpgradeCheck = 1410;
				TargetAttributes = {
					A18B69402931383600C34A41 = {
						CreatedOnToolsVersion = 14.1;
					};
				};
			};
			buildConfigurationList = A18B693C2931383600C34A41 /* Build configuration list for PBXProject "parks-of-uk" */;
			compatibilityVersion = "Xcode 14.0";
			developmentRegion = en;
			hasScannedForEncodings = 0;
			knownRegions = (
				en,
				Base,
			);
			mainGroup = A18B69382931383600C34A41;
			productRefGroup = A18B69422931383600C34A41 /* Products */;
			projectDirPath = "";
			projectRoot = "";
			targets = (
				A18B69402931383600C34A41 /* parks-of-uk */,
			);
		};
/* End PBXProject section */

/* Begin PBXResourcesBuildPhase section */
		A18B693F2931383600C34A41 /* Resources */ = {
			isa = PBXResourcesBuildPhase;
			buildActionMask = 2147483647;
			files = (
				A18B694E2931383800C34A41 /* Assets.xcassets in Resources */,
				A172ECCE293652F900D19DFA /* Parks.json in Resources */,
			);
			runOnlyForDeploymentPostprocessing = 0;
		};
/* End PBXResourcesBuildPhase section */

/* Begin PBXSourcesBuildPhase section */
		A18B693D2931383600C34A41 /* Sources */ = {
			isa = PBXSourcesBuildPhase;
			buildActionMask = 2147483647;
			files = (
				A15A188B2B879AE6004FA242 /* ParkRow.swift in Sources */,
				A1B8E12A2B8612EA008C7E2B /* MapView.swift in Sources */,
				A1B8E12E2B864811008C7E2B /* ModelData.swift in Sources */,
				A1DA689E294CD8F1001BEE05 /* Park.swift in Sources */,
				A15A18892B876377004FA242 /* FavoriteButton.swift in Sources */,
				A15A18872B876210004FA242 /* ParkList.swift in Sources */,
				A107EB9E2B83B1F3004EB265 /* ParkDetail.swift in Sources */,
				A14070BC2940F34D0043A6B8 /* AppConstants.swift in Sources */,
				A107EB9C2B83AEDE004EB265 /* ParksApp.swift in Sources */,
				A1B8E1282B860E84008C7E2B /* CircleImage.swift in Sources */,
			);
			runOnlyForDeploymentPostprocessing = 0;
		};
/* End PBXSourcesBuildPhase section */

/* Begin XCBuildConfiguration section */
		A18B69532931383800C34A41 /* Debug */ = {
			isa = XCBuildConfiguration;
			buildSettings = {
				ALWAYS_SEARCH_USER_PATHS = NO;
				CLANG_ANALYZER_NONNULL = YES;
				CLANG_ANALYZER_NUMBER_OBJECT_CONVERSION = YES_AGGRESSIVE;
				CLANG_CXX_LANGUAGE_STANDARD = "gnu++20";
				CLANG_ENABLE_MODULES = YES;
				CLANG_ENABLE_OBJC_ARC = YES;
				CLANG_ENABLE_OBJC_WEAK = YES;
				CLANG_WARN_BLOCK_CAPTURE_AUTORELEASING = YES;
				CLANG_WARN_BOOL_CONVERSION = YES;
				CLANG_WARN_COMMA = YES;
				CLANG_WARN_CONSTANT_CONVERSION = YES;
				CLANG_WARN_DEPRECATED_OBJC_IMPLEMENTATIONS = YES;
				CLANG_WARN_DIRECT_OBJC_ISA_USAGE = YES_ERROR;
				CLANG_WARN_DOCUMENTATION_COMMENTS = YES;
				CLANG_WARN_EMPTY_BODY = YES;
				CLANG_WARN_ENUM_CONVERSION = YES;
				CLANG_WARN_INFINITE_RECURSION = YES;
				CLANG_WARN_INT_CONVERSION = YES;
				CLANG_WARN_NON_LITERAL_NULL_CONVERSION = YES;
				CLANG_WARN_OBJC_IMPLICIT_RETAIN_SELF = YES;
				CLANG_WARN_OBJC_LITERAL_CONVERSION = YES;
				CLANG_WARN_OBJC_ROOT_CLASS = YES_ERROR;
				CLANG_WARN_QUOTED_INCLUDE_IN_FRAMEWORK_HEADER = YES;
				CLANG_WARN_RANGE_LOOP_ANALYSIS = YES;
				CLANG_WARN_STRICT_PROTOTYPES = YES;
				CLANG_WARN_SUSPICIOUS_MOVE = YES;
				CLANG_WARN_UNGUARDED_AVAILABILITY = YES_AGGRESSIVE;
				CLANG_WARN_UNREACHABLE_CODE = YES;
				CLANG_WARN__DUPLICATE_METHOD_MATCH = YES;
				COPY_PHASE_STRIP = NO;
				DEBUG_INFORMATION_FORMAT = dwarf;
				ENABLE_STRICT_OBJC_MSGSEND = YES;
				ENABLE_TESTABILITY = YES;
				GCC_C_LANGUAGE_STANDARD = gnu11;
				GCC_DYNAMIC_NO_PIC = NO;
				GCC_NO_COMMON_BLOCKS = YES;
				GCC_OPTIMIZATION_LEVEL = 0;
				GCC_PREPROCESSOR_DEFINITIONS = (
					"DEBUG=1",
					"$(inherited)",
				);
				GCC_WARN_64_TO_32_BIT_CONVERSION = YES;
				GCC_WARN_ABOUT_RETURN_TYPE = YES_ERROR;
				GCC_WARN_UNDECLARED_SELECTOR = YES;
				GCC_WARN_UNINITIALIZED_AUTOS = YES_AGGRESSIVE;
				GCC_WARN_UNUSED_FUNCTION = YES;
				GCC_WARN_UNUSED_VARIABLE = YES;
				IPHONEOS_DEPLOYMENT_TARGET = 16.1;
				MTL_ENABLE_DEBUG_INFO = INCLUDE_SOURCE;
				MTL_FAST_MATH = YES;
				ONLY_ACTIVE_ARCH = YES;
				SDKROOT = iphoneos;
				SWIFT_ACTIVE_COMPILATION_CONDITIONS = DEBUG;
				SWIFT_OPTIMIZATION_LEVEL = "-Onone";
			};
			name = Debug;
		};
		A18B69542931383800C34A41 /* Release */ = {
			isa = XCBuildConfiguration;
			buildSettings = {
				ALWAYS_SEARCH_USER_PATHS = NO;
				CLANG_ANALYZER_NONNULL = YES;
				CLANG_ANALYZER_NUMBER_OBJECT_CONVERSION = YES_AGGRESSIVE;
				CLANG_CXX_LANGUAGE_STANDARD = "gnu++20";
				CLANG_ENABLE_MODULES = YES;
				CLANG_ENABLE_OBJC_ARC = YES;
				CLANG_ENABLE_OBJC_WEAK = YES;
				CLANG_WARN_BLOCK_CAPTURE_AUTORELEASING = YES;
				CLANG_WARN_BOOL_CONVERSION = YES;
				CLANG_WARN_COMMA = YES;
				CLANG_WARN_CONSTANT_CONVERSION = YES;
				CLANG_WARN_DEPRECATED_OBJC_IMPLEMENTATIONS = YES;
				CLANG_WARN_DIRECT_OBJC_ISA_USAGE = YES_ERROR;
				CLANG_WARN_DOCUMENTATION_COMMENTS = YES;
				CLANG_WARN_EMPTY_BODY = YES;
				CLANG_WARN_ENUM_CONVERSION = YES;
				CLANG_WARN_INFINITE_RECURSION = YES;
				CLANG_WARN_INT_CONVERSION = YES;
				CLANG_WARN_NON_LITERAL_NULL_CONVERSION = YES;
				CLANG_WARN_OBJC_IMPLICIT_RETAIN_SELF = YES;
				CLANG_WARN_OBJC_LITERAL_CONVERSION = YES;
				CLANG_WARN_OBJC_ROOT_CLASS = YES_ERROR;
				CLANG_WARN_QUOTED_INCLUDE_IN_FRAMEWORK_HEADER = YES;
				CLANG_WARN_RANGE_LOOP_ANALYSIS = YES;
				CLANG_WARN_STRICT_PROTOTYPES = YES;
				CLANG_WARN_SUSPICIOUS_MOVE = YES;
				CLANG_WARN_UNGUARDED_AVAILABILITY = YES_AGGRESSIVE;
				CLANG_WARN_UNREACHABLE_CODE = YES;
				CLANG_WARN__DUPLICATE_METHOD_MATCH = YES;
				COPY_PHASE_STRIP = NO;
				DEBUG_INFORMATION_FORMAT = "dwarf-with-dsym";
				ENABLE_NS_ASSERTIONS = NO;
				ENABLE_STRICT_OBJC_MSGSEND = YES;
				GCC_C_LANGUAGE_STANDARD = gnu11;
				GCC_NO_COMMON_BLOCKS = YES;
				GCC_WARN_64_TO_32_BIT_CONVERSION = YES;
				GCC_WARN_ABOUT_RETURN_TYPE = YES_ERROR;
				GCC_WARN_UNDECLARED_SELECTOR = YES;
				GCC_WARN_UNINITIALIZED_AUTOS = YES_AGGRESSIVE;
				GCC_WARN_UNUSED_FUNCTION = YES;
				GCC_WARN_UNUSED_VARIABLE = YES;
				IPHONEOS_DEPLOYMENT_TARGET = 16.1;
				MTL_ENABLE_DEBUG_INFO = NO;
				MTL_FAST_MATH = YES;
				SDKROOT = iphoneos;
				SWIFT_COMPILATION_MODE = wholemodule;
				SWIFT_OPTIMIZATION_LEVEL = "-O";
				VALIDATE_PRODUCT = YES;
			};
			name = Release;
		};
		A18B69562931383800C34A41 /* Debug */ = {
			isa = XCBuildConfiguration;
			buildSettings = {
				ASSETCATALOG_COMPILER_APPICON_NAME = AppIcon;
				ASSETCATALOG_COMPILER_GLOBAL_ACCENT_COLOR_NAME = AccentColor;
				CODE_SIGN_STYLE = Automatic;
				CURRENT_PROJECT_VERSION = 1;
				GENERATE_INFOPLIST_FILE = YES;
				INFOPLIST_FILE = "parks-of-uk/Info.plist";
				INFOPLIST_KEY_CFBundleDisplayName = "Parks UK";
				INFOPLIST_KEY_UIApplicationSupportsIndirectInputEvents = YES;
				INFOPLIST_KEY_UILaunchStoryboardName = LaunchScreen;
				INFOPLIST_KEY_UISupportedInterfaceOrientations = UIInterfaceOrientationPortrait;
				IPHONEOS_DEPLOYMENT_TARGET = 17.0;
				LD_RUNPATH_SEARCH_PATHS = (
					"$(inherited)",
					"@executable_path/Frameworks",
				);
				MARKETING_VERSION = 1.0;
				PRODUCT_BUNDLE_IDENTIFIER = "com.marybokhan.parks-of-uk";
				PRODUCT_NAME = "$(TARGET_NAME)";
				SWIFT_EMIT_LOC_STRINGS = YES;
				SWIFT_VERSION = 5.0;
				TARGETED_DEVICE_FAMILY = "1,2";
			};
			name = Debug;
		};
		A18B69572931383800C34A41 /* Release */ = {
			isa = XCBuildConfiguration;
			buildSettings = {
				ASSETCATALOG_COMPILER_APPICON_NAME = AppIcon;
				ASSETCATALOG_COMPILER_GLOBAL_ACCENT_COLOR_NAME = AccentColor;
				CODE_SIGN_STYLE = Automatic;
				CURRENT_PROJECT_VERSION = 1;
				GENERATE_INFOPLIST_FILE = YES;
				INFOPLIST_FILE = "parks-of-uk/Info.plist";
				INFOPLIST_KEY_CFBundleDisplayName = "Parks UK";
				INFOPLIST_KEY_UIApplicationSupportsIndirectInputEvents = YES;
				INFOPLIST_KEY_UILaunchStoryboardName = LaunchScreen;
				INFOPLIST_KEY_UISupportedInterfaceOrientations = UIInterfaceOrientationPortrait;
				IPHONEOS_DEPLOYMENT_TARGET = 17.0;
				LD_RUNPATH_SEARCH_PATHS = (
					"$(inherited)",
					"@executable_path/Frameworks",
				);
				MARKETING_VERSION = 1.0;
				PRODUCT_BUNDLE_IDENTIFIER = "com.marybokhan.parks-of-uk";
				PRODUCT_NAME = "$(TARGET_NAME)";
				SWIFT_EMIT_LOC_STRINGS = YES;
				SWIFT_VERSION = 5.0;
				TARGETED_DEVICE_FAMILY = "1,2";
			};
			name = Release;
		};
/* End XCBuildConfiguration section */

/* Begin XCConfigurationList section */
		A18B693C2931383600C34A41 /* Build configuration list for PBXProject "parks-of-uk" */ = {
			isa = XCConfigurationList;
			buildConfigurations = (
				A18B69532931383800C34A41 /* Debug */,
				A18B69542931383800C34A41 /* Release */,
			);
			defaultConfigurationIsVisible = 0;
			defaultConfigurationName = Release;
		};
		A18B69552931383800C34A41 /* Build configuration list for PBXNativeTarget "parks-of-uk" */ = {
			isa = XCConfigurationList;
			buildConfigurations = (
				A18B69562931383800C34A41 /* Debug */,
				A18B69572931383800C34A41 /* Release */,
			);
			defaultConfigurationIsVisible = 0;
			defaultConfigurationName = Release;
		};
/* End XCConfigurationList section */
	};
	rootObject = A18B69392931383600C34A41 /* Project object */;
}
